// !$*UTF8*$!
{
	archiveVersion = 1;
	classes = {
	};
	objectVersion = 46;
	objects = {

/* Begin PBXBuildFile section */
		0207DA581B56EA530066E2B4 /* Images.xcassets in Resources */ = {isa = PBXBuildFile; fileRef = 0207DA571B56EA530066E2B4 /* Images.xcassets */; };
		0867E69BD7424587A4DDA06A /* CDVSplashScreen.m in Sources */ = {isa = PBXBuildFile; fileRef = 2B2D1AEE24004CC9A5A6E1AB /* CDVSplashScreen.m */; };
		0D3AF7A0201D4DA48F1ED056 /* LaunchNavigatorPlugin.m in Sources */ = {isa = PBXBuildFile; fileRef = 0C6DBBBA28CF426A8E15FA33 /* LaunchNavigatorPlugin.m */; };
		142E746FF9264C0589DCB6E9 /* MessageUI.framework in Frameworks */ = {isa = PBXBuildFile; fileRef = 77D4E5ACDE6147ED838FB633 /* MessageUI.framework */; };
		1C46F308F13D4E718E721A79 /* WE_Logger.m in Sources */ = {isa = PBXBuildFile; fileRef = 22467F9DC61443FD9DAE86EE /* WE_Logger.m */; };
		1D3623260D0F684500981E51 /* AppDelegate.m in Sources */ = {isa = PBXBuildFile; fileRef = 1D3623250D0F684500981E51 /* AppDelegate.m */; };
		1D60589B0D05DD56006BFB54 /* main.m in Sources */ = {isa = PBXBuildFile; fileRef = 29B97316FDCFA39411CA2CEA /* main.m */; };
		1DCD0210C0A74D618997C64D /* WebKit.framework in Frameworks */ = {isa = PBXBuildFile; fileRef = EDC35F9EE9CE463B9CD3F766 /* WebKit.framework */; settings = {ATTRIBUTES = (Weak, ); }; };
		29F9555380154D26A87A026D /* CDVWKWebViewUIDelegate.m in Sources */ = {isa = PBXBuildFile; fileRef = F8BCD37314754600B21FD951 /* CDVWKWebViewUIDelegate.m */; };
		301BF552109A68D80062928A /* libCordova.a in Frameworks */ = {isa = PBXBuildFile; fileRef = 301BF535109A57CC0062928A /* libCordova.a */; settings = {ATTRIBUTES = (Required, ); }; };
		302D95F114D2391D003F00A1 /* MainViewController.m in Sources */ = {isa = PBXBuildFile; fileRef = 302D95EF14D2391D003F00A1 /* MainViewController.m */; };
		302D95F214D2391D003F00A1 /* MainViewController.xib in Resources */ = {isa = PBXBuildFile; fileRef = 302D95F014D2391D003F00A1 /* MainViewController.xib */; };
		3076104B9EE941FEB5F0880E /* ActionSheet.m in Sources */ = {isa = PBXBuildFile; fileRef = 7E42923CD49F49D88A675C87 /* ActionSheet.m */; };
		36F6F410477048659E94EE6C /* CDVInAppBrowserOptions.m in Sources */ = {isa = PBXBuildFile; fileRef = 5E494FAD5BAD42779CA1D7A3 /* CDVInAppBrowserOptions.m */; };
		59E9AA824BC04B1EACBFE677 /* CoreLocation.framework in Frameworks */ = {isa = PBXBuildFile; fileRef = 47B17AB509CB46D497DB29FF /* CoreLocation.framework */; };
		5B4A1604A7F14B9DB9B3F455 /* AudioToolbox.framework in Frameworks */ = {isa = PBXBuildFile; fileRef = ADB047EA60A54F409DD83CEC /* AudioToolbox.framework */; settings = {ATTRIBUTES = (Weak, ); }; };
		6603E0679F0741B19DEF6EA0 /* CDVWKInAppBrowser.m in Sources */ = {isa = PBXBuildFile; fileRef = 294F5E44468840C89E9A822C /* CDVWKInAppBrowser.m */; };
		691D6904068945FBAC71014D /* CDVNotification.bundle in Resources */ = {isa = PBXBuildFile; fileRef = B2D62A02C8904C929DFD6223 /* CDVNotification.bundle */; };
		6AFF5BF91D6E424B00AB3073 /* CDVLaunchScreen.storyboard in Resources */ = {isa = PBXBuildFile; fileRef = 6AFF5BF81D6E424B00AB3073 /* CDVLaunchScreen.storyboard */; };
		6B7BBFB2AE2B4B1C8CE65682 /* SystemConfiguration.framework in Frameworks */ = {isa = PBXBuildFile; fileRef = DD2B0489B27442BE8AAEDA58 /* SystemConfiguration.framework */; };
		7A131860649A42AC911E5215 /* CDVViewController+SplashScreen.m in Sources */ = {isa = PBXBuildFile; fileRef = 6E8D3D771ACA41FB867545A1 /* CDVViewController+SplashScreen.m */; };
		7B45EFCCA39F4A6698AED538 /* CDVConnection.m in Sources */ = {isa = PBXBuildFile; fileRef = 792A8C85423E4D31BC163CF7 /* CDVConnection.m */; };
		7F1A401CCCE24301B9709B16 /* CDVNotification.m in Sources */ = {isa = PBXBuildFile; fileRef = 5AB8503CDB3948AFA0D70081 /* CDVNotification.m */; };
		8197CB46C4CC48F99DE2374C /* CDVWKWebViewEngine.m in Sources */ = {isa = PBXBuildFile; fileRef = B17DA19BF2B64D4E8CEEF15F /* CDVWKWebViewEngine.m */; };
		940E35FD8FE440C182082327 /* CDVReachability.m in Sources */ = {isa = PBXBuildFile; fileRef = DF731E1D6BF14BD2A2977457 /* CDVReachability.m */; };
		99CA21B9395544DF92614964 /* CDVInAppBrowserNavigationController.m in Sources */ = {isa = PBXBuildFile; fileRef = 181D3256403B4B64B2FFEF1A /* CDVInAppBrowserNavigationController.m */; };
		9CD2229E05C24ECD9DEA87C8 /* WE_CordovaLogger.m in Sources */ = {isa = PBXBuildFile; fileRef = FEA7C4B9CB0D4EB09D2BD897 /* WE_CordovaLogger.m */; };
		9F2971F9CA914A039B552CA7 /* CFCallNumber.m in Sources */ = {isa = PBXBuildFile; fileRef = E99A26F2939E403CBCA19F1E /* CFCallNumber.m */; };
		9F6296D94E6540A3944C29CA /* LN_LaunchNavigator.m in Sources */ = {isa = PBXBuildFile; fileRef = 6AC573912D404C22BEAAF60A /* LN_LaunchNavigator.m */; };
		A6D74740A05047B08A974804 /* CDVStatusBar.m in Sources */ = {isa = PBXBuildFile; fileRef = 0D326C2396C34E4C949DEA61 /* CDVStatusBar.m */; };
		AB521AEFA021428FA4CA29AC /* CDVDevice.m in Sources */ = {isa = PBXBuildFile; fileRef = 3EF5C8FA8DCC49BEB86FE10D /* CDVDevice.m */; };
		B33F54CB9E76434991124333 /* LN_Reachability.m in Sources */ = {isa = PBXBuildFile; fileRef = C1E99319547A4C37ADA75A77 /* LN_Reachability.m */; };
		B59DF99B011C49C3BC00D2DF /* APPEmailComposer.m in Sources */ = {isa = PBXBuildFile; fileRef = 4A3DCB2E2C5C4B4BBED65514 /* APPEmailComposer.m */; };
		B7ABA69584E54D8A9CB2543E /* CoreTelephony.framework in Frameworks */ = {isa = PBXBuildFile; fileRef = 4EF3708BF5414D2E89F72D55 /* CoreTelephony.framework */; };
		C30A71C699BE4B4888DC3993 /* CDVWKInAppBrowserUIDelegate.m in Sources */ = {isa = PBXBuildFile; fileRef = 20D6C8C54BFA41B78E704AF2 /* CDVWKInAppBrowserUIDelegate.m */; };
		C59AD025789E42B2B5015246 /* CDVWKProcessPoolFactory.m in Sources */ = {isa = PBXBuildFile; fileRef = F96255EF91344A40A33D1534 /* CDVWKProcessPoolFactory.m */; };
		D11708ADB68C4D72A9BA97B7 /* NSString+SSURLEncoding.m in Sources */ = {isa = PBXBuildFile; fileRef = 8E614F0B1D04486780DCA0DF /* NSString+SSURLEncoding.m */; };
		D4579F2FAE034DDE95246BE2 /* Social.framework in Frameworks */ = {isa = PBXBuildFile; fileRef = 5CC5EBB063504F698FBF52DF /* Social.framework */; settings = {ATTRIBUTES = (Weak, ); }; };
		DBF3BECEFDF14AAFA11F6682 /* MapKit.framework in Frameworks */ = {isa = PBXBuildFile; fileRef = 3B1163DAE99845008DF2FF94 /* MapKit.framework */; };
		DF7B5E51B8584663831DB4D4 /* CDVIonicKeyboard.m in Sources */ = {isa = PBXBuildFile; fileRef = A1D317717D7444CFBF94AD06 /* CDVIonicKeyboard.m */; };
		E4B4240C9E514F85884BE8F3 /* SocialSharing.m in Sources */ = {isa = PBXBuildFile; fileRef = 387A599DEBF64DD394001A28 /* SocialSharing.m */; };
		ED2270D7D0DD4D85B4262637 /* IONAssetHandler.m in Sources */ = {isa = PBXBuildFile; fileRef = E90E715D84AD4A3A8F1C11C1 /* IONAssetHandler.m */; };
		FA7C74644D204E6EA9639EBE /* APPEmailComposerImpl.m in Sources */ = {isa = PBXBuildFile; fileRef = 614883E3920043E4B1F22B71 /* APPEmailComposerImpl.m */; };
/* End PBXBuildFile section */

/* Begin PBXContainerItemProxy section */
		301BF534109A57CC0062928A /* PBXContainerItemProxy */ = {
			isa = PBXContainerItemProxy;
			containerPortal = 301BF52D109A57CC0062928A /* CordovaLib.xcodeproj */;
			proxyType = 2;
			remoteGlobalIDString = D2AAC07E0554694100DB518D;
			remoteInfo = CordovaLib;
		};
		301BF550109A68C00062928A /* PBXContainerItemProxy */ = {
			isa = PBXContainerItemProxy;
			containerPortal = 301BF52D109A57CC0062928A /* CordovaLib.xcodeproj */;
			proxyType = 1;
			remoteGlobalIDString = D2AAC07D0554694100DB518D;
			remoteInfo = CordovaLib;
		};
		907D8123214C687600058A10 /* PBXContainerItemProxy */ = {
			isa = PBXContainerItemProxy;
			containerPortal = 301BF52D109A57CC0062928A /* CordovaLib.xcodeproj */;
			proxyType = 2;
			remoteGlobalIDString = C0C01EB21E3911D50056E6CB;
			remoteInfo = Cordova;
		};
/* End PBXContainerItemProxy section */

/* Begin PBXFileReference section */
		0207DA571B56EA530066E2B4 /* Images.xcassets */ = {isa = PBXFileReference; lastKnownFileType = folder.assetcatalog; name = Images.xcassets; path = Safecity/Images.xcassets; sourceTree = SOURCE_ROOT; };
		0217DA0D169542AF88499C93 /* LN_Reachability.h */ = {isa = PBXFileReference; explicitFileType = undefined; fileEncoding = 4; includeInIndex = 0; lastKnownFileType = sourcecode.c.h; name = LN_Reachability.h; path = uk.co.workingedge.phonegap.plugin.launchnavigator/LN_Reachability.h; sourceTree = "<group>"; };
		0C133C9269C6436BB503F39A /* CDVWKInAppBrowser.h */ = {isa = PBXFileReference; explicitFileType = undefined; fileEncoding = 4; includeInIndex = 0; lastKnownFileType = sourcecode.c.h; name = CDVWKInAppBrowser.h; path = "cordova-plugin-inappbrowser/CDVWKInAppBrowser.h"; sourceTree = "<group>"; };
		0C6DBBBA28CF426A8E15FA33 /* LaunchNavigatorPlugin.m */ = {isa = PBXFileReference; explicitFileType = undefined; fileEncoding = 4; includeInIndex = 0; lastKnownFileType = sourcecode.c.objc; name = LaunchNavigatorPlugin.m; path = uk.co.workingedge.phonegap.plugin.launchnavigator/LaunchNavigatorPlugin.m; sourceTree = "<group>"; };
		0D326C2396C34E4C949DEA61 /* CDVStatusBar.m */ = {isa = PBXFileReference; explicitFileType = undefined; fileEncoding = 4; includeInIndex = 0; lastKnownFileType = sourcecode.c.objc; name = CDVStatusBar.m; path = "cordova-plugin-statusbar/CDVStatusBar.m"; sourceTree = "<group>"; };
		181D3256403B4B64B2FFEF1A /* CDVInAppBrowserNavigationController.m */ = {isa = PBXFileReference; explicitFileType = undefined; fileEncoding = 4; includeInIndex = 0; lastKnownFileType = sourcecode.c.objc; name = CDVInAppBrowserNavigationController.m; path = "cordova-plugin-inappbrowser/CDVInAppBrowserNavigationController.m"; sourceTree = "<group>"; };
		1D3623240D0F684500981E51 /* AppDelegate.h */ = {isa = PBXFileReference; fileEncoding = 4; lastKnownFileType = sourcecode.c.h; path = AppDelegate.h; sourceTree = "<group>"; };
		1D3623250D0F684500981E51 /* AppDelegate.m */ = {isa = PBXFileReference; fileEncoding = 4; lastKnownFileType = sourcecode.c.objc; path = AppDelegate.m; sourceTree = "<group>"; };
		1D6058910D05DD3D006BFB54 /* Safecity.app */ = {isa = PBXFileReference; explicitFileType = wrapper.application; includeInIndex = 0; path = Safecity.app; sourceTree = BUILT_PRODUCTS_DIR; };
		20D6C8C54BFA41B78E704AF2 /* CDVWKInAppBrowserUIDelegate.m */ = {isa = PBXFileReference; explicitFileType = undefined; fileEncoding = 4; includeInIndex = 0; lastKnownFileType = sourcecode.c.objc; name = CDVWKInAppBrowserUIDelegate.m; path = "cordova-plugin-inappbrowser/CDVWKInAppBrowserUIDelegate.m"; sourceTree = "<group>"; };
		21ADDE8AAFBB4E71BD9D5FA2 /* CDVWKWebViewEngine.h */ = {isa = PBXFileReference; explicitFileType = undefined; fileEncoding = 4; includeInIndex = 0; lastKnownFileType = sourcecode.c.h; name = CDVWKWebViewEngine.h; path = "cordova-plugin-ionic-webview/CDVWKWebViewEngine.h"; sourceTree = "<group>"; };
		22467F9DC61443FD9DAE86EE /* WE_Logger.m */ = {isa = PBXFileReference; explicitFileType = undefined; fileEncoding = 4; includeInIndex = 0; lastKnownFileType = sourcecode.c.objc; name = WE_Logger.m; path = uk.co.workingedge.phonegap.plugin.launchnavigator/WE_Logger.m; sourceTree = "<group>"; };
		294F5E44468840C89E9A822C /* CDVWKInAppBrowser.m */ = {isa = PBXFileReference; explicitFileType = undefined; fileEncoding = 4; includeInIndex = 0; lastKnownFileType = sourcecode.c.objc; name = CDVWKInAppBrowser.m; path = "cordova-plugin-inappbrowser/CDVWKInAppBrowser.m"; sourceTree = "<group>"; };
		29B97316FDCFA39411CA2CEA /* main.m */ = {isa = PBXFileReference; fileEncoding = 4; lastKnownFileType = sourcecode.c.objc; path = main.m; sourceTree = "<group>"; };
		2B2D1AEE24004CC9A5A6E1AB /* CDVSplashScreen.m */ = {isa = PBXFileReference; explicitFileType = undefined; fileEncoding = 4; includeInIndex = 0; lastKnownFileType = sourcecode.c.objc; name = CDVSplashScreen.m; path = "cordova-plugin-splashscreen/CDVSplashScreen.m"; sourceTree = "<group>"; };
		301BF52D109A57CC0062928A /* CordovaLib.xcodeproj */ = {isa = PBXFileReference; lastKnownFileType = "wrapper.pb-project"; name = CordovaLib.xcodeproj; path = CordovaLib/CordovaLib.xcodeproj; sourceTree = "<group>"; };
		301BF56E109A69640062928A /* www */ = {isa = PBXFileReference; lastKnownFileType = folder; path = www; sourceTree = SOURCE_ROOT; };
		302D95EE14D2391D003F00A1 /* MainViewController.h */ = {isa = PBXFileReference; fileEncoding = 4; lastKnownFileType = sourcecode.c.h; path = MainViewController.h; sourceTree = "<group>"; };
		302D95EF14D2391D003F00A1 /* MainViewController.m */ = {isa = PBXFileReference; fileEncoding = 4; lastKnownFileType = sourcecode.c.objc; path = MainViewController.m; sourceTree = "<group>"; };
		302D95F014D2391D003F00A1 /* MainViewController.xib */ = {isa = PBXFileReference; fileEncoding = 4; lastKnownFileType = file.xib; path = MainViewController.xib; sourceTree = "<group>"; };
		3047A50F1AB8059700498E2A /* build-debug.xcconfig */ = {isa = PBXFileReference; fileEncoding = 4; lastKnownFileType = text.xcconfig; name = "build-debug.xcconfig"; path = "cordova/build-debug.xcconfig"; sourceTree = SOURCE_ROOT; };
		3047A5101AB8059700498E2A /* build-release.xcconfig */ = {isa = PBXFileReference; fileEncoding = 4; lastKnownFileType = text.xcconfig; name = "build-release.xcconfig"; path = "cordova/build-release.xcconfig"; sourceTree = SOURCE_ROOT; };
		3047A5111AB8059700498E2A /* build.xcconfig */ = {isa = PBXFileReference; fileEncoding = 4; lastKnownFileType = text.xcconfig; name = build.xcconfig; path = cordova/build.xcconfig; sourceTree = SOURCE_ROOT; };
		32CA4F630368D1EE00C91783 /* Safecity-Prefix.pch */ = {isa = PBXFileReference; fileEncoding = 4; lastKnownFileType = sourcecode.c.h; path = "Safecity-Prefix.pch"; sourceTree = "<group>"; };
		37912DA1A2AB402981D3A231 /* CDVWKProcessPoolFactory.h */ = {isa = PBXFileReference; explicitFileType = undefined; fileEncoding = 4; includeInIndex = 0; lastKnownFileType = sourcecode.c.h; name = CDVWKProcessPoolFactory.h; path = "cordova-plugin-ionic-webview/CDVWKProcessPoolFactory.h"; sourceTree = "<group>"; };
		387A599DEBF64DD394001A28 /* SocialSharing.m */ = {isa = PBXFileReference; explicitFileType = undefined; fileEncoding = 4; includeInIndex = 0; lastKnownFileType = sourcecode.c.objc; name = SocialSharing.m; path = "cordova-plugin-x-socialsharing/SocialSharing.m"; sourceTree = "<group>"; };
		3A76595242E74D9FACB529D1 /* CDVIonicKeyboard.h */ = {isa = PBXFileReference; explicitFileType = undefined; fileEncoding = 4; includeInIndex = 0; lastKnownFileType = sourcecode.c.h; name = CDVIonicKeyboard.h; path = "cordova-plugin-ionic-keyboard/CDVIonicKeyboard.h"; sourceTree = "<group>"; };
		3B1163DAE99845008DF2FF94 /* MapKit.framework */ = {isa = PBXFileReference; explicitFileType = undefined; fileEncoding = 9; includeInIndex = 0; lastKnownFileType = wrapper.framework; name = MapKit.framework; path = System/Library/Frameworks/MapKit.framework; sourceTree = SDKROOT; };
		3B871E5E8BE1409897BC5E06 /* CFCallNumber.h */ = {isa = PBXFileReference; explicitFileType = undefined; fileEncoding = 4; includeInIndex = 0; lastKnownFileType = sourcecode.c.h; name = CFCallNumber.h; path = "call-number/CFCallNumber.h"; sourceTree = "<group>"; };
		3EF5C8FA8DCC49BEB86FE10D /* CDVDevice.m */ = {isa = PBXFileReference; explicitFileType = undefined; fileEncoding = 4; includeInIndex = 0; lastKnownFileType = sourcecode.c.objc; name = CDVDevice.m; path = "cordova-plugin-device/CDVDevice.m"; sourceTree = "<group>"; };
		4415A8C9A17E436182AE0B99 /* CDVInAppBrowserOptions.h */ = {isa = PBXFileReference; explicitFileType = undefined; fileEncoding = 4; includeInIndex = 0; lastKnownFileType = sourcecode.c.h; name = CDVInAppBrowserOptions.h; path = "cordova-plugin-inappbrowser/CDVInAppBrowserOptions.h"; sourceTree = "<group>"; };
		45A56891F0244F9AB17B123E /* CDVSplashScreen.h */ = {isa = PBXFileReference; explicitFileType = undefined; fileEncoding = 4; includeInIndex = 0; lastKnownFileType = sourcecode.c.h; name = CDVSplashScreen.h; path = "cordova-plugin-splashscreen/CDVSplashScreen.h"; sourceTree = "<group>"; };
		47B17AB509CB46D497DB29FF /* CoreLocation.framework */ = {isa = PBXFileReference; explicitFileType = undefined; fileEncoding = 9; includeInIndex = 0; lastKnownFileType = wrapper.framework; name = CoreLocation.framework; path = System/Library/Frameworks/CoreLocation.framework; sourceTree = SDKROOT; };
		498A9D8B6F124065842305F2 /* NSString+SSURLEncoding.h */ = {isa = PBXFileReference; explicitFileType = undefined; fileEncoding = 4; includeInIndex = 0; lastKnownFileType = sourcecode.c.h; name = "NSString+SSURLEncoding.h"; path = "cordova-plugin-x-socialsharing/NSString+SSURLEncoding.h"; sourceTree = "<group>"; };
		4A3DCB2E2C5C4B4BBED65514 /* APPEmailComposer.m */ = {isa = PBXFileReference; explicitFileType = undefined; fileEncoding = 4; includeInIndex = 0; lastKnownFileType = sourcecode.c.objc; name = APPEmailComposer.m; path = "cordova-plugin-email-composer/APPEmailComposer.m"; sourceTree = "<group>"; };
		4EF3708BF5414D2E89F72D55 /* CoreTelephony.framework */ = {isa = PBXFileReference; explicitFileType = undefined; fileEncoding = 9; includeInIndex = 0; lastKnownFileType = wrapper.framework; name = CoreTelephony.framework; path = System/Library/Frameworks/CoreTelephony.framework; sourceTree = SDKROOT; };
		5AB8503CDB3948AFA0D70081 /* CDVNotification.m */ = {isa = PBXFileReference; explicitFileType = undefined; fileEncoding = 4; includeInIndex = 0; lastKnownFileType = sourcecode.c.objc; name = CDVNotification.m; path = "cordova-plugin-dialogs/CDVNotification.m"; sourceTree = "<group>"; };
		5CC5EBB063504F698FBF52DF /* Social.framework */ = {isa = PBXFileReference; explicitFileType = undefined; fileEncoding = 9; includeInIndex = 0; lastKnownFileType = wrapper.framework; name = Social.framework; path = System/Library/Frameworks/Social.framework; sourceTree = SDKROOT; };
		5D17631D08A9431A9A7D9201 /* LaunchNavigatorPlugin.h */ = {isa = PBXFileReference; explicitFileType = undefined; fileEncoding = 4; includeInIndex = 0; lastKnownFileType = sourcecode.c.h; name = LaunchNavigatorPlugin.h; path = uk.co.workingedge.phonegap.plugin.launchnavigator/LaunchNavigatorPlugin.h; sourceTree = "<group>"; };
		5E494FAD5BAD42779CA1D7A3 /* CDVInAppBrowserOptions.m */ = {isa = PBXFileReference; explicitFileType = undefined; fileEncoding = 4; includeInIndex = 0; lastKnownFileType = sourcecode.c.objc; name = CDVInAppBrowserOptions.m; path = "cordova-plugin-inappbrowser/CDVInAppBrowserOptions.m"; sourceTree = "<group>"; };
		614883E3920043E4B1F22B71 /* APPEmailComposerImpl.m */ = {isa = PBXFileReference; explicitFileType = undefined; fileEncoding = 4; includeInIndex = 0; lastKnownFileType = sourcecode.c.objc; name = APPEmailComposerImpl.m; path = "cordova-plugin-email-composer/APPEmailComposerImpl.m"; sourceTree = "<group>"; };
		62D7823D097D4407B19FAD93 /* CDVDevice.h */ = {isa = PBXFileReference; explicitFileType = undefined; fileEncoding = 4; includeInIndex = 0; lastKnownFileType = sourcecode.c.h; name = CDVDevice.h; path = "cordova-plugin-device/CDVDevice.h"; sourceTree = "<group>"; };
		6AC573912D404C22BEAAF60A /* LN_LaunchNavigator.m */ = {isa = PBXFileReference; explicitFileType = undefined; fileEncoding = 4; includeInIndex = 0; lastKnownFileType = sourcecode.c.objc; name = LN_LaunchNavigator.m; path = uk.co.workingedge.phonegap.plugin.launchnavigator/LN_LaunchNavigator.m; sourceTree = "<group>"; };
		6AFF5BF81D6E424B00AB3073 /* CDVLaunchScreen.storyboard */ = {isa = PBXFileReference; fileEncoding = 4; lastKnownFileType = file.storyboard; name = CDVLaunchScreen.storyboard; path = Safecity/CDVLaunchScreen.storyboard; sourceTree = SOURCE_ROOT; };
		6E85A1CF112E42DD9C708B70 /* CDVInAppBrowserNavigationController.h */ = {isa = PBXFileReference; explicitFileType = undefined; fileEncoding = 4; includeInIndex = 0; lastKnownFileType = sourcecode.c.h; name = CDVInAppBrowserNavigationController.h; path = "cordova-plugin-inappbrowser/CDVInAppBrowserNavigationController.h"; sourceTree = "<group>"; };
		6E8D3D771ACA41FB867545A1 /* CDVViewController+SplashScreen.m */ = {isa = PBXFileReference; explicitFileType = undefined; fileEncoding = 4; includeInIndex = 0; lastKnownFileType = sourcecode.c.objc; name = "CDVViewController+SplashScreen.m"; path = "cordova-plugin-splashscreen/CDVViewController+SplashScreen.m"; sourceTree = "<group>"; };
		77D4E5ACDE6147ED838FB633 /* MessageUI.framework */ = {isa = PBXFileReference; explicitFileType = undefined; fileEncoding = 9; includeInIndex = 0; lastKnownFileType = wrapper.framework; name = MessageUI.framework; path = System/Library/Frameworks/MessageUI.framework; sourceTree = SDKROOT; };
		792A8C85423E4D31BC163CF7 /* CDVConnection.m */ = {isa = PBXFileReference; explicitFileType = undefined; fileEncoding = 4; includeInIndex = 0; lastKnownFileType = sourcecode.c.objc; name = CDVConnection.m; path = "cordova-plugin-network-information/CDVConnection.m"; sourceTree = "<group>"; };
		7E42923CD49F49D88A675C87 /* ActionSheet.m */ = {isa = PBXFileReference; explicitFileType = undefined; fileEncoding = 4; includeInIndex = 0; lastKnownFileType = sourcecode.c.objc; name = ActionSheet.m; path = "cordova-plugin-actionsheet/ActionSheet.m"; sourceTree = "<group>"; };
		835D38A3029B4410AA97B772 /* CDVReachability.h */ = {isa = PBXFileReference; explicitFileType = undefined; fileEncoding = 4; includeInIndex = 0; lastKnownFileType = sourcecode.c.h; name = CDVReachability.h; path = "cordova-plugin-network-information/CDVReachability.h"; sourceTree = "<group>"; };
		84E001D291F04CBC977DD6F5 /* CDVNotification.h */ = {isa = PBXFileReference; explicitFileType = undefined; fileEncoding = 4; includeInIndex = 0; lastKnownFileType = sourcecode.c.h; name = CDVNotification.h; path = "cordova-plugin-dialogs/CDVNotification.h"; sourceTree = "<group>"; };
		88BBF4B89651491E86A404B3 /* CDVWKInAppBrowserUIDelegate.h */ = {isa = PBXFileReference; explicitFileType = undefined; fileEncoding = 4; includeInIndex = 0; lastKnownFileType = sourcecode.c.h; name = CDVWKInAppBrowserUIDelegate.h; path = "cordova-plugin-inappbrowser/CDVWKInAppBrowserUIDelegate.h"; sourceTree = "<group>"; };
		8B741AA0B8D347AFA42D13D5 /* APPEmailComposer.h */ = {isa = PBXFileReference; explicitFileType = undefined; fileEncoding = 4; includeInIndex = 0; lastKnownFileType = sourcecode.c.h; name = APPEmailComposer.h; path = "cordova-plugin-email-composer/APPEmailComposer.h"; sourceTree = "<group>"; };
		8D1107310486CEB800E47090 /* Safecity-Info.plist */ = {isa = PBXFileReference; fileEncoding = 4; lastKnownFileType = text.plist.xml; name = "Safecity-Info.plist"; path = "Safecity/Safecity-Info.plist"; plistStructureDefinitionIdentifier = "com.apple.xcode.plist.structure-definition.iphone.info-plist"; sourceTree = SOURCE_ROOT; };
		8E614F0B1D04486780DCA0DF /* NSString+SSURLEncoding.m */ = {isa = PBXFileReference; explicitFileType = undefined; fileEncoding = 4; includeInIndex = 0; lastKnownFileType = sourcecode.c.objc; name = "NSString+SSURLEncoding.m"; path = "cordova-plugin-x-socialsharing/NSString+SSURLEncoding.m"; sourceTree = "<group>"; };
		93AF456A2AEA4880A716B8AC /* CDVViewController+SplashScreen.h */ = {isa = PBXFileReference; explicitFileType = undefined; fileEncoding = 4; includeInIndex = 0; lastKnownFileType = sourcecode.c.h; name = "CDVViewController+SplashScreen.h"; path = "cordova-plugin-splashscreen/CDVViewController+SplashScreen.h"; sourceTree = "<group>"; };
		98F1BBD624B547128A01A04B /* WE_Logger.h */ = {isa = PBXFileReference; explicitFileType = undefined; fileEncoding = 4; includeInIndex = 0; lastKnownFileType = sourcecode.c.h; name = WE_Logger.h; path = uk.co.workingedge.phonegap.plugin.launchnavigator/WE_Logger.h; sourceTree = "<group>"; };
		9C8714681B2A46BDB75115DF /* CDVWKWebViewUIDelegate.h */ = {isa = PBXFileReference; explicitFileType = undefined; fileEncoding = 4; includeInIndex = 0; lastKnownFileType = sourcecode.c.h; name = CDVWKWebViewUIDelegate.h; path = "cordova-plugin-ionic-webview/CDVWKWebViewUIDelegate.h"; sourceTree = "<group>"; };
		A1D317717D7444CFBF94AD06 /* CDVIonicKeyboard.m */ = {isa = PBXFileReference; explicitFileType = undefined; fileEncoding = 4; includeInIndex = 0; lastKnownFileType = sourcecode.c.objc; name = CDVIonicKeyboard.m; path = "cordova-plugin-ionic-keyboard/CDVIonicKeyboard.m"; sourceTree = "<group>"; };
		ADB047EA60A54F409DD83CEC /* AudioToolbox.framework */ = {isa = PBXFileReference; explicitFileType = undefined; fileEncoding = 9; includeInIndex = 0; lastKnownFileType = wrapper.framework; name = AudioToolbox.framework; path = System/Library/Frameworks/AudioToolbox.framework; sourceTree = SDKROOT; };
		B13613A54E0C45FA9766DBBD /* CDVConnection.h */ = {isa = PBXFileReference; explicitFileType = undefined; fileEncoding = 4; includeInIndex = 0; lastKnownFileType = sourcecode.c.h; name = CDVConnection.h; path = "cordova-plugin-network-information/CDVConnection.h"; sourceTree = "<group>"; };
		B17DA19BF2B64D4E8CEEF15F /* CDVWKWebViewEngine.m */ = {isa = PBXFileReference; explicitFileType = undefined; fileEncoding = 4; includeInIndex = 0; lastKnownFileType = sourcecode.c.objc; name = CDVWKWebViewEngine.m; path = "cordova-plugin-ionic-webview/CDVWKWebViewEngine.m"; sourceTree = "<group>"; };
		B1D5B41BAA4D4C26BF52641F /* WE_CordovaLogger.h */ = {isa = PBXFileReference; explicitFileType = undefined; fileEncoding = 4; includeInIndex = 0; lastKnownFileType = sourcecode.c.h; name = WE_CordovaLogger.h; path = uk.co.workingedge.phonegap.plugin.launchnavigator/WE_CordovaLogger.h; sourceTree = "<group>"; };
		B2D62A02C8904C929DFD6223 /* CDVNotification.bundle */ = {isa = PBXFileReference; explicitFileType = undefined; fileEncoding = 9; includeInIndex = 0; lastKnownFileType = "wrapper.plug-in"; path = CDVNotification.bundle; sourceTree = "<group>"; };
		B3D6A558181D41378135A2D0 /* SocialSharing.h */ = {isa = PBXFileReference; explicitFileType = undefined; fileEncoding = 4; includeInIndex = 0; lastKnownFileType = sourcecode.c.h; name = SocialSharing.h; path = "cordova-plugin-x-socialsharing/SocialSharing.h"; sourceTree = "<group>"; };
		C1E99319547A4C37ADA75A77 /* LN_Reachability.m */ = {isa = PBXFileReference; explicitFileType = undefined; fileEncoding = 4; includeInIndex = 0; lastKnownFileType = sourcecode.c.objc; name = LN_Reachability.m; path = uk.co.workingedge.phonegap.plugin.launchnavigator/LN_Reachability.m; sourceTree = "<group>"; };
		C241DE2E9B564AAFB73B5F6C /* IONAssetHandler.h */ = {isa = PBXFileReference; explicitFileType = undefined; fileEncoding = 4; includeInIndex = 0; lastKnownFileType = sourcecode.c.h; name = IONAssetHandler.h; path = "cordova-plugin-ionic-webview/IONAssetHandler.h"; sourceTree = "<group>"; };
		CE91C159FFCD446497140A92 /* LN_LaunchNavigator.h */ = {isa = PBXFileReference; explicitFileType = undefined; fileEncoding = 4; includeInIndex = 0; lastKnownFileType = sourcecode.c.h; name = LN_LaunchNavigator.h; path = uk.co.workingedge.phonegap.plugin.launchnavigator/LN_LaunchNavigator.h; sourceTree = "<group>"; };
		DD2B0489B27442BE8AAEDA58 /* SystemConfiguration.framework */ = {isa = PBXFileReference; explicitFileType = undefined; fileEncoding = 9; includeInIndex = 0; lastKnownFileType = wrapper.framework; name = SystemConfiguration.framework; path = System/Library/Frameworks/SystemConfiguration.framework; sourceTree = SDKROOT; };
		DF28EE114B2049D2B7227EAA /* ActionSheet.h */ = {isa = PBXFileReference; explicitFileType = undefined; fileEncoding = 4; includeInIndex = 0; lastKnownFileType = sourcecode.c.h; name = ActionSheet.h; path = "cordova-plugin-actionsheet/ActionSheet.h"; sourceTree = "<group>"; };
		DF731E1D6BF14BD2A2977457 /* CDVReachability.m */ = {isa = PBXFileReference; explicitFileType = undefined; fileEncoding = 4; includeInIndex = 0; lastKnownFileType = sourcecode.c.objc; name = CDVReachability.m; path = "cordova-plugin-network-information/CDVReachability.m"; sourceTree = "<group>"; };
		E778BCC0D1374FB08E03A435 /* APPEmailComposerImpl.h */ = {isa = PBXFileReference; explicitFileType = undefined; fileEncoding = 4; includeInIndex = 0; lastKnownFileType = sourcecode.c.h; name = APPEmailComposerImpl.h; path = "cordova-plugin-email-composer/APPEmailComposerImpl.h"; sourceTree = "<group>"; };
		E90E715D84AD4A3A8F1C11C1 /* IONAssetHandler.m */ = {isa = PBXFileReference; explicitFileType = undefined; fileEncoding = 4; includeInIndex = 0; lastKnownFileType = sourcecode.c.objc; name = IONAssetHandler.m; path = "cordova-plugin-ionic-webview/IONAssetHandler.m"; sourceTree = "<group>"; };
		E99A26F2939E403CBCA19F1E /* CFCallNumber.m */ = {isa = PBXFileReference; explicitFileType = undefined; fileEncoding = 4; includeInIndex = 0; lastKnownFileType = sourcecode.c.objc; name = CFCallNumber.m; path = "call-number/CFCallNumber.m"; sourceTree = "<group>"; };
		EB87FDF31871DA8E0020F90C /* www */ = {isa = PBXFileReference; lastKnownFileType = folder; name = www; path = ../../www; sourceTree = "<group>"; };
		EB87FDF41871DAF40020F90C /* config.xml */ = {isa = PBXFileReference; lastKnownFileType = text.xml; name = config.xml; path = ../../config.xml; sourceTree = "<group>"; };
		ED33DF2A687741AEAF9F8254 /* Bridging-Header.h */ = {isa = PBXFileReference; fileEncoding = 4; lastKnownFileType = sourcecode.c.h; path = "Bridging-Header.h"; sourceTree = "<group>"; };
		EDC35F9EE9CE463B9CD3F766 /* WebKit.framework */ = {isa = PBXFileReference; explicitFileType = undefined; fileEncoding = 9; includeInIndex = 0; lastKnownFileType = wrapper.framework; name = WebKit.framework; path = System/Library/Frameworks/WebKit.framework; sourceTree = SDKROOT; };
		F02CE5F98DC2439CB6292C67 /* CDVStatusBar.h */ = {isa = PBXFileReference; explicitFileType = undefined; fileEncoding = 4; includeInIndex = 0; lastKnownFileType = sourcecode.c.h; name = CDVStatusBar.h; path = "cordova-plugin-statusbar/CDVStatusBar.h"; sourceTree = "<group>"; };
		F840E1F0165FE0F500CFE078 /* config.xml */ = {isa = PBXFileReference; lastKnownFileType = text.xml; name = config.xml; path = Safecity/config.xml; sourceTree = "<group>"; };
		F8BCD37314754600B21FD951 /* CDVWKWebViewUIDelegate.m */ = {isa = PBXFileReference; explicitFileType = undefined; fileEncoding = 4; includeInIndex = 0; lastKnownFileType = sourcecode.c.objc; name = CDVWKWebViewUIDelegate.m; path = "cordova-plugin-ionic-webview/CDVWKWebViewUIDelegate.m"; sourceTree = "<group>"; };
		F96255EF91344A40A33D1534 /* CDVWKProcessPoolFactory.m */ = {isa = PBXFileReference; explicitFileType = undefined; fileEncoding = 4; includeInIndex = 0; lastKnownFileType = sourcecode.c.objc; name = CDVWKProcessPoolFactory.m; path = "cordova-plugin-ionic-webview/CDVWKProcessPoolFactory.m"; sourceTree = "<group>"; };
		FEA7C4B9CB0D4EB09D2BD897 /* WE_CordovaLogger.m */ = {isa = PBXFileReference; explicitFileType = undefined; fileEncoding = 4; includeInIndex = 0; lastKnownFileType = sourcecode.c.objc; name = WE_CordovaLogger.m; path = uk.co.workingedge.phonegap.plugin.launchnavigator/WE_CordovaLogger.m; sourceTree = "<group>"; };
/* End PBXFileReference section */

/* Begin PBXFrameworksBuildPhase section */
		1D60588F0D05DD3D006BFB54 /* Frameworks */ = {
			isa = PBXFrameworksBuildPhase;
			buildActionMask = 2147483647;
			files = (
				301BF552109A68D80062928A /* libCordova.a in Frameworks */,
				1DCD0210C0A74D618997C64D /* WebKit.framework in Frameworks */,
				5B4A1604A7F14B9DB9B3F455 /* AudioToolbox.framework in Frameworks */,
				DBF3BECEFDF14AAFA11F6682 /* MapKit.framework in Frameworks */,
				59E9AA824BC04B1EACBFE677 /* CoreLocation.framework in Frameworks */,
				6B7BBFB2AE2B4B1C8CE65682 /* SystemConfiguration.framework in Frameworks */,
				142E746FF9264C0589DCB6E9 /* MessageUI.framework in Frameworks */,
				B7ABA69584E54D8A9CB2543E /* CoreTelephony.framework in Frameworks */,
				D4579F2FAE034DDE95246BE2 /* Social.framework in Frameworks */,
			);
			runOnlyForDeploymentPostprocessing = 0;
		};
/* End PBXFrameworksBuildPhase section */

/* Begin PBXGroup section */
		080E96DDFE201D6D7F000001 /* Classes */ = {
			isa = PBXGroup;
			children = (
				302D95EE14D2391D003F00A1 /* MainViewController.h */,
				302D95EF14D2391D003F00A1 /* MainViewController.m */,
				302D95F014D2391D003F00A1 /* MainViewController.xib */,
				1D3623240D0F684500981E51 /* AppDelegate.h */,
				1D3623250D0F684500981E51 /* AppDelegate.m */,
			);
			name = Classes;
			path = Safecity/Classes;
			sourceTree = SOURCE_ROOT;
		};
		19C28FACFE9D520D11CA2CBB /* Products */ = {
			isa = PBXGroup;
			children = (
				1D6058910D05DD3D006BFB54 /* Safecity.app */,
			);
			name = Products;
			sourceTree = "<group>";
		};
		29B97314FDCFA39411CA2CEA /* CustomTemplate */ = {
			isa = PBXGroup;
			children = (
				EB87FDF41871DAF40020F90C /* config.xml */,
				EB87FDF31871DA8E0020F90C /* www */,
				EB87FDF11871DA420020F90C /* Staging */,
				301BF52D109A57CC0062928A /* CordovaLib.xcodeproj */,
				080E96DDFE201D6D7F000001 /* Classes */,
				307C750510C5A3420062BCA9 /* Plugins */,
				29B97315FDCFA39411CA2CEA /* Other Sources */,
				29B97317FDCFA39411CA2CEA /* Resources */,
				29B97323FDCFA39411CA2CEA /* Frameworks */,
				19C28FACFE9D520D11CA2CBB /* Products */,
			);
			name = CustomTemplate;
			sourceTree = "<group>";
		};
		29B97315FDCFA39411CA2CEA /* Other Sources */ = {
			isa = PBXGroup;
			children = (
				32CA4F630368D1EE00C91783 /* Safecity-Prefix.pch */,
				29B97316FDCFA39411CA2CEA /* main.m */,
				ED33DF2A687741AEAF9F8254 /* Bridging-Header.h */,
			);
			name = "Other Sources";
			path = Safecity;
			sourceTree = "<group>";
		};
		29B97317FDCFA39411CA2CEA /* Resources */ = {
			isa = PBXGroup;
			children = (
				0207DA571B56EA530066E2B4 /* Images.xcassets */,
				3047A50E1AB8057F00498E2A /* config */,
				8D1107310486CEB800E47090 /* Safecity-Info.plist */,
				6AFF5BF81D6E424B00AB3073 /* CDVLaunchScreen.storyboard */,
				B2D62A02C8904C929DFD6223 /* CDVNotification.bundle */,
			);
			name = Resources;
			path = Safecity/Resources;
			sourceTree = "<group>";
		};
		29B97323FDCFA39411CA2CEA /* Frameworks */ = {
			isa = PBXGroup;
			children = (
				EDC35F9EE9CE463B9CD3F766 /* WebKit.framework */,
				ADB047EA60A54F409DD83CEC /* AudioToolbox.framework */,
				3B1163DAE99845008DF2FF94 /* MapKit.framework */,
				47B17AB509CB46D497DB29FF /* CoreLocation.framework */,
				DD2B0489B27442BE8AAEDA58 /* SystemConfiguration.framework */,
				77D4E5ACDE6147ED838FB633 /* MessageUI.framework */,
				4EF3708BF5414D2E89F72D55 /* CoreTelephony.framework */,
				5CC5EBB063504F698FBF52DF /* Social.framework */,
			);
			name = Frameworks;
			sourceTree = "<group>";
		};
		301BF52E109A57CC0062928A /* Products */ = {
			isa = PBXGroup;
			children = (
				301BF535109A57CC0062928A /* libCordova.a */,
				907D8124214C687600058A10 /* Cordova.framework */,
			);
			name = Products;
			sourceTree = "<group>";
		};
		3047A50E1AB8057F00498E2A /* config */ = {
			isa = PBXGroup;
			children = (
				3047A50F1AB8059700498E2A /* build-debug.xcconfig */,
				3047A5101AB8059700498E2A /* build-release.xcconfig */,
				3047A5111AB8059700498E2A /* build.xcconfig */,
			);
			name = config;
			sourceTree = "<group>";
		};
		307C750510C5A3420062BCA9 /* Plugins */ = {
			isa = PBXGroup;
			children = (
				0D326C2396C34E4C949DEA61 /* CDVStatusBar.m */,
				F02CE5F98DC2439CB6292C67 /* CDVStatusBar.h */,
				3EF5C8FA8DCC49BEB86FE10D /* CDVDevice.m */,
				62D7823D097D4407B19FAD93 /* CDVDevice.h */,
				2B2D1AEE24004CC9A5A6E1AB /* CDVSplashScreen.m */,
				6E8D3D771ACA41FB867545A1 /* CDVViewController+SplashScreen.m */,
				45A56891F0244F9AB17B123E /* CDVSplashScreen.h */,
				93AF456A2AEA4880A716B8AC /* CDVViewController+SplashScreen.h */,
				B17DA19BF2B64D4E8CEEF15F /* CDVWKWebViewEngine.m */,
				F8BCD37314754600B21FD951 /* CDVWKWebViewUIDelegate.m */,
				F96255EF91344A40A33D1534 /* CDVWKProcessPoolFactory.m */,
				E90E715D84AD4A3A8F1C11C1 /* IONAssetHandler.m */,
				21ADDE8AAFBB4E71BD9D5FA2 /* CDVWKWebViewEngine.h */,
				9C8714681B2A46BDB75115DF /* CDVWKWebViewUIDelegate.h */,
				37912DA1A2AB402981D3A231 /* CDVWKProcessPoolFactory.h */,
				C241DE2E9B564AAFB73B5F6C /* IONAssetHandler.h */,
				A1D317717D7444CFBF94AD06 /* CDVIonicKeyboard.m */,
				3A76595242E74D9FACB529D1 /* CDVIonicKeyboard.h */,
				7E42923CD49F49D88A675C87 /* ActionSheet.m */,
				DF28EE114B2049D2B7227EAA /* ActionSheet.h */,
				5AB8503CDB3948AFA0D70081 /* CDVNotification.m */,
				84E001D291F04CBC977DD6F5 /* CDVNotification.h */,
				0C6DBBBA28CF426A8E15FA33 /* LaunchNavigatorPlugin.m */,
				FEA7C4B9CB0D4EB09D2BD897 /* WE_CordovaLogger.m */,
				6AC573912D404C22BEAAF60A /* LN_LaunchNavigator.m */,
				C1E99319547A4C37ADA75A77 /* LN_Reachability.m */,
				22467F9DC61443FD9DAE86EE /* WE_Logger.m */,
				5D17631D08A9431A9A7D9201 /* LaunchNavigatorPlugin.h */,
				B1D5B41BAA4D4C26BF52641F /* WE_CordovaLogger.h */,
				CE91C159FFCD446497140A92 /* LN_LaunchNavigator.h */,
				0217DA0D169542AF88499C93 /* LN_Reachability.h */,
				98F1BBD624B547128A01A04B /* WE_Logger.h */,
				E99A26F2939E403CBCA19F1E /* CFCallNumber.m */,
				3B871E5E8BE1409897BC5E06 /* CFCallNumber.h */,
				5E494FAD5BAD42779CA1D7A3 /* CDVInAppBrowserOptions.m */,
				181D3256403B4B64B2FFEF1A /* CDVInAppBrowserNavigationController.m */,
				294F5E44468840C89E9A822C /* CDVWKInAppBrowser.m */,
				20D6C8C54BFA41B78E704AF2 /* CDVWKInAppBrowserUIDelegate.m */,
				4415A8C9A17E436182AE0B99 /* CDVInAppBrowserOptions.h */,
				6E85A1CF112E42DD9C708B70 /* CDVInAppBrowserNavigationController.h */,
				0C133C9269C6436BB503F39A /* CDVWKInAppBrowser.h */,
				88BBF4B89651491E86A404B3 /* CDVWKInAppBrowserUIDelegate.h */,
				4A3DCB2E2C5C4B4BBED65514 /* APPEmailComposer.m */,
				614883E3920043E4B1F22B71 /* APPEmailComposerImpl.m */,
				8B741AA0B8D347AFA42D13D5 /* APPEmailComposer.h */,
				E778BCC0D1374FB08E03A435 /* APPEmailComposerImpl.h */,
				792A8C85423E4D31BC163CF7 /* CDVConnection.m */,
				DF731E1D6BF14BD2A2977457 /* CDVReachability.m */,
				B13613A54E0C45FA9766DBBD /* CDVConnection.h */,
				835D38A3029B4410AA97B772 /* CDVReachability.h */,
				8E614F0B1D04486780DCA0DF /* NSString+SSURLEncoding.m */,
				387A599DEBF64DD394001A28 /* SocialSharing.m */,
				498A9D8B6F124065842305F2 /* NSString+SSURLEncoding.h */,
				B3D6A558181D41378135A2D0 /* SocialSharing.h */,
			);
			name = Plugins;
			path = Safecity/Plugins;
			sourceTree = SOURCE_ROOT;
		};
		EB87FDF11871DA420020F90C /* Staging */ = {
			isa = PBXGroup;
			children = (
				F840E1F0165FE0F500CFE078 /* config.xml */,
				301BF56E109A69640062928A /* www */,
			);
			name = Staging;
			sourceTree = "<group>";
		};
/* End PBXGroup section */

/* Begin PBXNativeTarget section */
		1D6058900D05DD3D006BFB54 /* Safecity */ = {
			isa = PBXNativeTarget;
			buildConfigurationList = 1D6058960D05DD3E006BFB54 /* Build configuration list for PBXNativeTarget "Safecity" */;
			buildPhases = (
				304B58A110DAC018002A0835 /* Copy www directory */,
				1D60588D0D05DD3D006BFB54 /* Resources */,
				1D60588E0D05DD3D006BFB54 /* Sources */,
				1D60588F0D05DD3D006BFB54 /* Frameworks */,
			);
			buildRules = (
			);
			dependencies = (
				301BF551109A68C00062928A /* PBXTargetDependency */,
			);
			name = Safecity;
			productName = Safecity;
			productReference = 1D6058910D05DD3D006BFB54 /* Safecity.app */;
			productType = "com.apple.product-type.application";
		};
/* End PBXNativeTarget section */

/* Begin PBXProject section */
		29B97313FDCFA39411CA2CEA /* Project object */ = {
			isa = PBXProject;
			attributes = {
				LastUpgradeCheck = 510;
				TargetAttributes = {
					1D6058900D05DD3D006BFB54 = {
						DevelopmentTeam = ZQ77PHLV68;
						ProvisioningStyle = Manual;
					};
				};
			};
			buildConfigurationList = C01FCF4E08A954540054247B /* Build configuration list for PBXProject "Safecity" */;
			compatibilityVersion = "Xcode 3.2";
			developmentRegion = English;
			hasScannedForEncodings = 1;
			knownRegions = (
				English,
				en,
				Base,
			);
			mainGroup = 29B97314FDCFA39411CA2CEA /* CustomTemplate */;
			projectDirPath = "";
			projectReferences = (
				{
					ProductGroup = 301BF52E109A57CC0062928A /* Products */;
					ProjectRef = 301BF52D109A57CC0062928A /* CordovaLib.xcodeproj */;
				},
			);
			projectRoot = "";
			targets = (
				1D6058900D05DD3D006BFB54 /* Safecity */,
			);
		};
/* End PBXProject section */

/* Begin PBXReferenceProxy section */
		301BF535109A57CC0062928A /* libCordova.a */ = {
			isa = PBXReferenceProxy;
			fileType = archive.ar;
			path = libCordova.a;
			remoteRef = 301BF534109A57CC0062928A /* PBXContainerItemProxy */;
			sourceTree = BUILT_PRODUCTS_DIR;
		};
		907D8124214C687600058A10 /* Cordova.framework */ = {
			isa = PBXReferenceProxy;
			fileType = wrapper.framework;
			path = Cordova.framework;
			remoteRef = 907D8123214C687600058A10 /* PBXContainerItemProxy */;
			sourceTree = BUILT_PRODUCTS_DIR;
		};
/* End PBXReferenceProxy section */

/* Begin PBXResourcesBuildPhase section */
		1D60588D0D05DD3D006BFB54 /* Resources */ = {
			isa = PBXResourcesBuildPhase;
			buildActionMask = 2147483647;
			files = (
				302D95F214D2391D003F00A1 /* MainViewController.xib in Resources */,
				0207DA581B56EA530066E2B4 /* Images.xcassets in Resources */,
				6AFF5BF91D6E424B00AB3073 /* CDVLaunchScreen.storyboard in Resources */,
				691D6904068945FBAC71014D /* CDVNotification.bundle in Resources */,
			);
			runOnlyForDeploymentPostprocessing = 0;
		};
/* End PBXResourcesBuildPhase section */

/* Begin PBXShellScriptBuildPhase section */
		304B58A110DAC018002A0835 /* Copy www directory */ = {
			isa = PBXShellScriptBuildPhase;
			buildActionMask = 2147483647;
			files = (
			);
			inputPaths = (
			);
			name = "Copy www directory";
			outputPaths = (
			);
			runOnlyForDeploymentPostprocessing = 0;
			shellPath = /bin/sh;
			shellScript = "\"$SRCROOT/Safecity/Scripts/copy-www-build-step.sh\"";
			showEnvVarsInLog = 0;
		};
/* End PBXShellScriptBuildPhase section */

/* Begin PBXSourcesBuildPhase section */
		1D60588E0D05DD3D006BFB54 /* Sources */ = {
			isa = PBXSourcesBuildPhase;
			buildActionMask = 2147483647;
			files = (
				1D60589B0D05DD56006BFB54 /* main.m in Sources */,
				1D3623260D0F684500981E51 /* AppDelegate.m in Sources */,
				302D95F114D2391D003F00A1 /* MainViewController.m in Sources */,
				A6D74740A05047B08A974804 /* CDVStatusBar.m in Sources */,
				AB521AEFA021428FA4CA29AC /* CDVDevice.m in Sources */,
				0867E69BD7424587A4DDA06A /* CDVSplashScreen.m in Sources */,
				7A131860649A42AC911E5215 /* CDVViewController+SplashScreen.m in Sources */,
				8197CB46C4CC48F99DE2374C /* CDVWKWebViewEngine.m in Sources */,
				29F9555380154D26A87A026D /* CDVWKWebViewUIDelegate.m in Sources */,
				C59AD025789E42B2B5015246 /* CDVWKProcessPoolFactory.m in Sources */,
				ED2270D7D0DD4D85B4262637 /* IONAssetHandler.m in Sources */,
				DF7B5E51B8584663831DB4D4 /* CDVIonicKeyboard.m in Sources */,
				3076104B9EE941FEB5F0880E /* ActionSheet.m in Sources */,
				7F1A401CCCE24301B9709B16 /* CDVNotification.m in Sources */,
				0D3AF7A0201D4DA48F1ED056 /* LaunchNavigatorPlugin.m in Sources */,
				9CD2229E05C24ECD9DEA87C8 /* WE_CordovaLogger.m in Sources */,
				9F6296D94E6540A3944C29CA /* LN_LaunchNavigator.m in Sources */,
				B33F54CB9E76434991124333 /* LN_Reachability.m in Sources */,
				1C46F308F13D4E718E721A79 /* WE_Logger.m in Sources */,
				9F2971F9CA914A039B552CA7 /* CFCallNumber.m in Sources */,
				36F6F410477048659E94EE6C /* CDVInAppBrowserOptions.m in Sources */,
				99CA21B9395544DF92614964 /* CDVInAppBrowserNavigationController.m in Sources */,
				6603E0679F0741B19DEF6EA0 /* CDVWKInAppBrowser.m in Sources */,
				C30A71C699BE4B4888DC3993 /* CDVWKInAppBrowserUIDelegate.m in Sources */,
				B59DF99B011C49C3BC00D2DF /* APPEmailComposer.m in Sources */,
				FA7C74644D204E6EA9639EBE /* APPEmailComposerImpl.m in Sources */,
				7B45EFCCA39F4A6698AED538 /* CDVConnection.m in Sources */,
				940E35FD8FE440C182082327 /* CDVReachability.m in Sources */,
				D11708ADB68C4D72A9BA97B7 /* NSString+SSURLEncoding.m in Sources */,
				E4B4240C9E514F85884BE8F3 /* SocialSharing.m in Sources */,
			);
			runOnlyForDeploymentPostprocessing = 0;
		};
/* End PBXSourcesBuildPhase section */

/* Begin PBXTargetDependency section */
		301BF551109A68C00062928A /* PBXTargetDependency */ = {
			isa = PBXTargetDependency;
			name = CordovaLib;
			targetProxy = 301BF550109A68C00062928A /* PBXContainerItemProxy */;
		};
/* End PBXTargetDependency section */

/* Begin XCBuildConfiguration section */
		1D6058940D05DD3E006BFB54 /* Debug */ = {
			isa = XCBuildConfiguration;
			baseConfigurationReference = 3047A50F1AB8059700498E2A /* build-debug.xcconfig */;
			buildSettings = {
				ALWAYS_SEARCH_USER_PATHS = NO;
				ASSETCATALOG_COMPILER_APPICON_NAME = AppIcon;
				ASSETCATALOG_COMPILER_LAUNCHIMAGE_NAME = LaunchImage;
				CLANG_ENABLE_MODULES = YES;
				CLANG_ENABLE_OBJC_ARC = YES;
				CODE_SIGN_IDENTITY = "iPhone Distribution";
				CODE_SIGN_STYLE = Manual;
				COPY_PHASE_STRIP = NO;
				CURRENT_PROJECT_VERSION = 2.1.7;
				DEVELOPMENT_TEAM = ZQ77PHLV68;
				GCC_DYNAMIC_NO_PIC = NO;
				GCC_OPTIMIZATION_LEVEL = 0;
				GCC_PRECOMPILE_PREFIX_HEADER = YES;
				GCC_PREFIX_HEADER = "Safecity/Safecity-Prefix.pch";
				GCC_THUMB_SUPPORT = NO;
				GCC_VERSION = "";
				INFOPLIST_FILE = "Safecity/Safecity-Info.plist";
				IPHONEOS_DEPLOYMENT_TARGET = 15.4;
				LD_RUNPATH_SEARCH_PATHS = "@executable_path/Frameworks";
				MARKETING_VERSION = 2.2.0;
				PRODUCT_BUNDLE_IDENTIFIER = com.codebrew.SafeCity;
				PRODUCT_NAME = "$(TARGET_NAME)";
				PROVISIONING_PROFILE_SPECIFIER = safecotyappstore4;
				TARGETED_DEVICE_FAMILY = "1,2";
			};
			name = Debug;
		};
		1D6058950D05DD3E006BFB54 /* Release */ = {
			isa = XCBuildConfiguration;
			baseConfigurationReference = 3047A5101AB8059700498E2A /* build-release.xcconfig */;
			buildSettings = {
				ALWAYS_SEARCH_USER_PATHS = NO;
				ASSETCATALOG_COMPILER_APPICON_NAME = AppIcon;
				ASSETCATALOG_COMPILER_LAUNCHIMAGE_NAME = LaunchImage;
				CLANG_ENABLE_MODULES = YES;
				CLANG_ENABLE_OBJC_ARC = YES;
				CODE_SIGN_IDENTITY = "iPhone Distribution";
				CODE_SIGN_STYLE = Manual;
				COPY_PHASE_STRIP = YES;
				CURRENT_PROJECT_VERSION = 2.1.7;
				DEVELOPMENT_TEAM = ZQ77PHLV68;
				GCC_PRECOMPILE_PREFIX_HEADER = YES;
				GCC_PREFIX_HEADER = "Safecity/Safecity-Prefix.pch";
				GCC_THUMB_SUPPORT = NO;
				GCC_VERSION = "";
				INFOPLIST_FILE = "Safecity/Safecity-Info.plist";
				IPHONEOS_DEPLOYMENT_TARGET = 15.4;
				LD_RUNPATH_SEARCH_PATHS = "@executable_path/Frameworks";
				MARKETING_VERSION = 2.2.0;
				PRODUCT_BUNDLE_IDENTIFIER = com.codebrew.SafeCity;
				PRODUCT_NAME = "$(TARGET_NAME)";
				PROVISIONING_PROFILE_SPECIFIER = safecotyappstore4;
				TARGETED_DEVICE_FAMILY = "1,2";
			};
			name = Release;
		};
		C01FCF4F08A954540054247B /* Debug */ = {
			isa = XCBuildConfiguration;
			baseConfigurationReference = 3047A5111AB8059700498E2A /* build.xcconfig */;
			buildSettings = {
				CLANG_ENABLE_MODULES = YES;
				CLANG_ENABLE_OBJC_ARC = YES;
				CLANG_WARN_BLOCK_CAPTURE_AUTORELEASING = YES;
				CLANG_WARN_BOOL_CONVERSION = YES;
				CLANG_WARN_COMMA = YES;
				CLANG_WARN_CONSTANT_CONVERSION = YES;
				CLANG_WARN_DEPRECATED_OBJC_IMPLEMENTATIONS = YES;
				CLANG_WARN_EMPTY_BODY = YES;
				CLANG_WARN_ENUM_CONVERSION = YES;
				CLANG_WARN_INFINITE_RECURSION = YES;
				CLANG_WARN_INT_CONVERSION = YES;
				CLANG_WARN_NON_LITERAL_NULL_CONVERSION = YES;
				CLANG_WARN_OBJC_IMPLICIT_RETAIN_SELF = YES;
				CLANG_WARN_OBJC_LITERAL_CONVERSION = YES;
				CLANG_WARN_RANGE_LOOP_ANALYSIS = YES;
				CLANG_WARN_STRICT_PROTOTYPES = YES;
				CLANG_WARN_SUSPICIOUS_MOVE = YES;
				CLANG_WARN_UNREACHABLE_CODE = YES;
				CLANG_WARN__DUPLICATE_METHOD_MATCH = YES;
				ENABLE_STRICT_OBJC_MSGSEND = YES;
				ENABLE_TESTABILITY = YES;
				GCC_C_LANGUAGE_STANDARD = c99;
				GCC_NO_COMMON_BLOCKS = YES;
				GCC_THUMB_SUPPORT = NO;
				GCC_VERSION = "";
				GCC_WARN_64_TO_32_BIT_CONVERSION = YES;
				GCC_WARN_ABOUT_RETURN_TYPE = YES;
				GCC_WARN_UNDECLARED_SELECTOR = YES;
				GCC_WARN_UNINITIALIZED_AUTOS = YES;
				GCC_WARN_UNUSED_FUNCTION = YES;
				GCC_WARN_UNUSED_VARIABLE = YES;
				IPHONEOS_DEPLOYMENT_TARGET = 11.0;
				ONLY_ACTIVE_ARCH = YES;
				PRODUCT_BUNDLE_IDENTIFIER = com.codebrew.SafeCity;
				SDKROOT = iphoneos;
				SKIP_INSTALL = NO;
				WK_WEB_VIEW_ONLY = 0;
			};
			name = Debug;
		};
		C01FCF5008A954540054247B /* Release */ = {
			isa = XCBuildConfiguration;
			baseConfigurationReference = 3047A5111AB8059700498E2A /* build.xcconfig */;
			buildSettings = {
				CLANG_ENABLE_MODULES = YES;
				CLANG_ENABLE_OBJC_ARC = YES;
				CLANG_WARN_BLOCK_CAPTURE_AUTORELEASING = YES;
				CLANG_WARN_BOOL_CONVERSION = YES;
				CLANG_WARN_COMMA = YES;
				CLANG_WARN_CONSTANT_CONVERSION = YES;
				CLANG_WARN_DEPRECATED_OBJC_IMPLEMENTATIONS = YES;
				CLANG_WARN_EMPTY_BODY = YES;
				CLANG_WARN_ENUM_CONVERSION = YES;
				CLANG_WARN_INFINITE_RECURSION = YES;
				CLANG_WARN_INT_CONVERSION = YES;
				CLANG_WARN_NON_LITERAL_NULL_CONVERSION = YES;
				CLANG_WARN_OBJC_IMPLICIT_RETAIN_SELF = YES;
				CLANG_WARN_OBJC_LITERAL_CONVERSION = YES;
				CLANG_WARN_RANGE_LOOP_ANALYSIS = YES;
				CLANG_WARN_STRICT_PROTOTYPES = YES;
				CLANG_WARN_SUSPICIOUS_MOVE = YES;
				CLANG_WARN_UNREACHABLE_CODE = YES;
				CLANG_WARN__DUPLICATE_METHOD_MATCH = YES;
				ENABLE_STRICT_OBJC_MSGSEND = YES;
				GCC_C_LANGUAGE_STANDARD = c99;
				GCC_NO_COMMON_BLOCKS = YES;
				GCC_THUMB_SUPPORT = NO;
				GCC_VERSION = "";
				GCC_WARN_64_TO_32_BIT_CONVERSION = YES;
				GCC_WARN_ABOUT_RETURN_TYPE = YES;
				GCC_WARN_UNDECLARED_SELECTOR = YES;
				GCC_WARN_UNINITIALIZED_AUTOS = YES;
				GCC_WARN_UNUSED_FUNCTION = YES;
				GCC_WARN_UNUSED_VARIABLE = YES;
				IPHONEOS_DEPLOYMENT_TARGET = 11.0;
				PRODUCT_BUNDLE_IDENTIFIER = com.codebrew.SafeCity;
				SDKROOT = iphoneos;
				SKIP_INSTALL = NO;
				WK_WEB_VIEW_ONLY = 0;
			};
			name = Release;
		};
/* End XCBuildConfiguration section */

/* Begin XCConfigurationList section */
		1D6058960D05DD3E006BFB54 /* Build configuration list for PBXNativeTarget "Safecity" */ = {
			isa = XCConfigurationList;
			buildConfigurations = (
				1D6058940D05DD3E006BFB54 /* Debug */,
				1D6058950D05DD3E006BFB54 /* Release */,
			);
			defaultConfigurationIsVisible = 0;
			defaultConfigurationName = Release;
		};
		C01FCF4E08A954540054247B /* Build configuration list for PBXProject "Safecity" */ = {
			isa = XCConfigurationList;
			buildConfigurations = (
				C01FCF4F08A954540054247B /* Debug */,
				C01FCF5008A954540054247B /* Release */,
			);
			defaultConfigurationIsVisible = 0;
			defaultConfigurationName = Release;
		};
/* End XCConfigurationList section */
	};
	rootObject = 29B97313FDCFA39411CA2CEA /* Project object */;
}
